github.com/deezdegens/clog v1.0.1 h1:yBGws41S8zfOHDgbKONdPirwHKPXmZyWj8HgBBpuYRA=
github.com/deezdegens/clog v1.0.1/go.mod h1:rsbQJn/sM5qwF1X/erTsXkwlaHscexXojZobmiLYVGU=
github.com/deezdegens/clog v1.0.2 h1:FGqqtBnH53q76hiBSJvbuFc+qs4JNIgQe65mBR581LM=
github.com/deezdegens/clog v1.0.2/go.mod h1:rsbQJn/sM5qwF1X/erTsXkwlaHscexXojZobmiLYVGU=
